
Microsoft Visual Studio Solution File, Format Version 12.00
# Visual Studio Version 17
VisualStudioVersion = 17.10.35027.167
MinimumVisualStudioVersion = 10.0.40219.1
Project("{FAE04EC0-301F-11D3-BF4B-00C04F79EFBC}") = "e-Archive", "e-Archive\e-Archive.csproj", "{76C057B8-234A-4AEC-A4C6-0A51EFFF10B4}"
EndProject
Project("{FAE04EC0-301F-11D3-BF4B-00C04F79EFBC}") = "Lab_Archive", "Lab_Archive\Lab_Archive.csproj", "{6FAFEDF1-7338-49EF-A1AC-2E24C2F73E25}"
EndProject
Global
	GlobalSection(SolutionConfigurationPlatforms) = preSolution
		Debug|Any CPU = Debug|Any CPU
		Release|Any CPU = Release|Any CPU
	EndGlobalSection
	GlobalSection(ProjectConfigurationPlatforms) = postSolution
		{76C057B8-234A-4AEC-A4C6-0A51EFFF10B4}.Debug|Any CPU.ActiveCfg = Debug|Any CPU
		{76C057B8-234A-4AEC-A4C6-0A51EFFF10B4}.Debug|Any CPU.Build.0 = Debug|Any CPU
		{76C057B8-234A-4AEC-A4C6-0A51EFFF10B4}.Release|Any CPU.ActiveCfg = Release|Any CPU
		{76C057B8-234A-4AEC-A4C6-0A51EFFF10B4}.Release|Any CPU.Build.0 = Release|Any CPU
		{6FAFEDF1-7338-49EF-A1AC-2E24C2F73E25}.Debug|Any CPU.ActiveCfg = Debug|Any CPU
		{6FAFEDF1-7338-49EF-A1AC-2E24C2F73E25}.Debug|Any CPU.Build.0 = Debug|Any CPU
		{6FAFEDF1-7338-49EF-A1AC-2E24C2F73E25}.Release|Any CPU.ActiveCfg = Release|Any CPU
		{6FAFEDF1-7338-49EF-A1AC-2E24C2F73E25}.Release|Any CPU.Build.0 = Release|Any CPU
	EndGlobalSection
	GlobalSection(SolutionProperties) = preSolution
		HideSolutionNode = FALSE
	EndGlobalSection
	GlobalSection(ExtensibilityGlobals) = postSolution
		SolutionGuid = {BBAD5D06-6D33-40BD-AD4B-B5381B7A9896}
	EndGlobalSection
EndGlobal
